# This file is automatically @generated by Cargo.
# It is not intended for manual editing.
version = 3

[[package]]
name = "itoa"
version = "1.0.6"
source = "registry+https://github.com/rust-lang/crates.io-index"
checksum = "453ad9f582a441959e5f0d088b02ce04cfe8d51a8eaf077f12ac6d3e94164ca6"

[[package]]
name = "rustlib"
version = "0.1.0"
dependencies = [
 "serde_json",
]

[[package]]
name = "ryu"
version = "1.0.13"
source = "registry+https://github.com/rust-lang/crates.io-index"
checksum = "f91339c0467de62360649f8d3e185ca8de4224ff281f66000de5eb2a77a79041"

[[package]]
name = "serde"
version = "1.0.160"
source = "registry+https://github.com/rust-lang/crates.io-index"
checksum = "bb2f3770c8bce3bcda7e149193a069a0f4365bda1fa5cd88e03bca26afc1216c"

[[package]]
name = "serde_json"
version = "1.0.96"
source = "registry+https://github.com/rust-lang/crates.io-index"
checksum = "057d394a50403bcac12672b2b18fb387ab6d289d957dab67dd201875391e52f1"
dependencies = [
 "itoa",
 "ryu",
 "serde",
]
